
Microsoft Visual Studio Solution File, Format Version 12.00
# Visual Studio Version 16
VisualStudioVersion = 16.0.29025.244
MinimumVisualStudioVersion = 10.0.40219.1
Project("{FAE04EC0-301F-11D3-BF4B-00C04F79EFBC}") = "jayveelopez.activity3", "jayveelopez.activity3.csproj", "{F762A685-656F-40B5-930F-916C92914C4C}"
EndProject
Global
	GlobalSection(SolutionConfigurationPlatforms) = preSolution
		Debug|Any CPU = Debug|Any CPU
		Release|Any CPU = Release|Any CPU
	EndGlobalSection
	GlobalSection(ProjectConfigurationPlatforms) = postSolution
		{F762A685-656F-40B5-930F-916C92914C4C}.Debug|Any CPU.ActiveCfg = Debug|Any CPU
		{F762A685-656F-40B5-930F-916C92914C4C}.Debug|Any CPU.Build.0 = Debug|Any CPU
		{F762A685-656F-40B5-930F-916C92914C4C}.Release|Any CPU.ActiveCfg = Release|Any CPU
		{F762A685-656F-40B5-930F-916C92914C4C}.Release|Any CPU.Build.0 = Release|Any CPU
	EndGlobalSection
	GlobalSection(SolutionProperties) = preSolution
		HideSolutionNode = FALSE
	EndGlobalSection
	GlobalSection(ExtensibilityGlobals) = postSolution
		SolutionGuid = {CDD2544B-A32C-4290-A009-37A65AD5F33B}
	EndGlobalSection
EndGlobal
